
Microsoft Visual Studio Solution File, Format Version 12.00
# Visual Studio 15
VisualStudioVersion = 15.0.26730.12
MinimumVisualStudioVersion = 10.0.40219.1
Project("{FAE04EC0-301F-11D3-BF4B-00C04F79EFBC}") = "App3", "App3\App3.csproj", "{B17E67D8-54B6-4A70-A8E6-84A57B745A90}"
EndProject
Global
	GlobalSection(SolutionConfigurationPlatforms) = preSolution
		Ad-Hoc|iPhone = Ad-Hoc|iPhone
		Ad-Hoc|iPhoneSimulator = Ad-Hoc|iPhoneSimulator
		AppStore|iPhone = AppStore|iPhone
		AppStore|iPhoneSimulator = AppStore|iPhoneSimulator
		Debug|iPhone = Debug|iPhone
		Debug|iPhoneSimulator = Debug|iPhoneSimulator
		Release|iPhone = Release|iPhone
		Release|iPhoneSimulator = Release|iPhoneSimulator
	EndGlobalSection
	GlobalSection(ProjectConfigurationPlatforms) = postSolution
		{B17E67D8-54B6-4A70-A8E6-84A57B745A90}.Ad-Hoc|iPhone.ActiveCfg = Ad-Hoc|iPhone
		{B17E67D8-54B6-4A70-A8E6-84A57B745A90}.Ad-Hoc|iPhone.Build.0 = Ad-Hoc|iPhone
		{B17E67D8-54B6-4A70-A8E6-84A57B745A90}.Ad-Hoc|iPhoneSimulator.ActiveCfg = Ad-Hoc|iPhoneSimulator
		{B17E67D8-54B6-4A70-A8E6-84A57B745A90}.Ad-Hoc|iPhoneSimulator.Build.0 = Ad-Hoc|iPhoneSimulator
		{B17E67D8-54B6-4A70-A8E6-84A57B745A90}.AppStore|iPhone.ActiveCfg = AppStore|iPhone
		{B17E67D8-54B6-4A70-A8E6-84A57B745A90}.AppStore|iPhone.Build.0 = AppStore|iPhone
		{B17E67D8-54B6-4A70-A8E6-84A57B745A90}.AppStore|iPhoneSimulator.ActiveCfg = AppStore|iPhoneSimulator
		{B17E67D8-54B6-4A70-A8E6-84A57B745A90}.AppStore|iPhoneSimulator.Build.0 = AppStore|iPhoneSimulator
		{B17E67D8-54B6-4A70-A8E6-84A57B745A90}.Debug|iPhone.ActiveCfg = Debug|iPhone
		{B17E67D8-54B6-4A70-A8E6-84A57B745A90}.Debug|iPhone.Build.0 = Debug|iPhone
		{B17E67D8-54B6-4A70-A8E6-84A57B745A90}.Debug|iPhoneSimulator.ActiveCfg = Debug|iPhoneSimulator
		{B17E67D8-54B6-4A70-A8E6-84A57B745A90}.Debug|iPhoneSimulator.Build.0 = Debug|iPhoneSimulator
		{B17E67D8-54B6-4A70-A8E6-84A57B745A90}.Release|iPhone.ActiveCfg = Release|iPhone
		{B17E67D8-54B6-4A70-A8E6-84A57B745A90}.Release|iPhone.Build.0 = Release|iPhone
		{B17E67D8-54B6-4A70-A8E6-84A57B745A90}.Release|iPhoneSimulator.ActiveCfg = Release|iPhoneSimulator
		{B17E67D8-54B6-4A70-A8E6-84A57B745A90}.Release|iPhoneSimulator.Build.0 = Release|iPhoneSimulator
	EndGlobalSection
	GlobalSection(SolutionProperties) = preSolution
		HideSolutionNode = FALSE
	EndGlobalSection
	GlobalSection(ExtensibilityGlobals) = postSolution
		SolutionGuid = {447875CA-F5AA-4ABD-9B55-1693525B0E0C}
	EndGlobalSection
EndGlobal
